<Solution>
  <Folder Name="/src/">
    <Project Path="src/Fcg.Payments.Api/Fcg.Payments.Api.csproj" />
    <Project Path="src/Fcg.Payments.Application/Fcg.Payments.Application.csproj" />
    <Project Path="src/Fcg.Payments.Contracts/Fcg.Payments.Contracts.csproj" />
    <Project Path="src/Fcg.Payments.Domain/Fcg.Payments.Domain.csproj" />
    <Project Path="src/Fcg.Payments.Infrastructure/Fcg.Payments.Infrastructure.csproj" />
  </Folder>
  <Folder Name="/tests/">
    <Project Path="tests/Fcg.Payments.IntegrationTests/Fcg.Payments.IntegrationTests.csproj" />
    <Project Path="tests/Fcg.Payments.UnitTests/Fcg.Payments.UnitTests.csproj" />
  </Folder>
</Solution>
